// !$*UTF8*$!
{
	archiveVersion = 1;
	classes = {
	};
	objectVersion = 77;
	objects = {

/* Begin PBXBuildFile section */
		A30000000000000000000001 /* appsmuteApp.swift in Sources */ = {isa = PBXBuildFile; fileRef = A20000000000000000000001 /* appsmuteApp.swift */; };
		A30000000000000000000002 /* AppDelegate.swift in Sources */ = {isa = PBXBuildFile; fileRef = A20000000000000000000002 /* AppDelegate.swift */; };
		A30000000000000000000003 /* AppState.swift in Sources */ = {isa = PBXBuildFile; fileRef = A20000000000000000000003 /* AppState.swift */; };
		A30000000000000000000004 /* ContentView.swift in Sources */ = {isa = PBXBuildFile; fileRef = A20000000000000000000004 /* ContentView.swift */; };
		A30000000000000000000005 /* HotKeyManager.swift in Sources */ = {isa = PBXBuildFile; fileRef = A20000000000000000000005 /* HotKeyManager.swift */; };
		A30000000000000000000006 /* LanguageManager.swift in Sources */ = {isa = PBXBuildFile; fileRef = A20000000000000000000006 /* LanguageManager.swift */; };
		A30000000000000000000007 /* LanguagePrefs.swift in Sources */ = {isa = PBXBuildFile; fileRef = A20000000000000000000007 /* LanguagePrefs.swift */; };
		A30000000000000000000008 /* Localization.swift in Sources */ = {isa = PBXBuildFile; fileRef = A20000000000000000000008 /* Localization.swift */; };
		A30000000000000000000009 /* MainWindowController.swift in Sources */ = {isa = PBXBuildFile; fileRef = A20000000000000000000009 /* MainWindowController.swift */; };
		A3000000000000000000000A /* ProcessTapMuteEngine.swift in Sources */ = {isa = PBXBuildFile; fileRef = A2000000000000000000000A /* ProcessTapMuteEngine.swift */; };
		A3000000000000000000000B /* Shortcut.swift in Sources */ = {isa = PBXBuildFile; fileRef = A2000000000000000000000B /* Shortcut.swift */; };
		A3000000000000000000000C /* ShortcutFormatting.swift in Sources */ = {isa = PBXBuildFile; fileRef = A2000000000000000000000C /* ShortcutFormatting.swift */; };
		A3000000000000000000000D /* ShortcutRecorderWindowController.swift in Sources */ = {isa = PBXBuildFile; fileRef = A2000000000000000000000D /* ShortcutRecorderWindowController.swift */; };
		A3000000000000000000000E /* ShortcutStore.swift in Sources */ = {isa = PBXBuildFile; fileRef = A2000000000000000000000E /* ShortcutStore.swift */; };
		A3000000000000000000000F /* SoundMuteAssets.swift in Sources */ = {isa = PBXBuildFile; fileRef = A2000000000000000000000F /* SoundMuteAssets.swift */; };
		A30000000000000000000010 /* StatusBarController.swift in Sources */ = {isa = PBXBuildFile; fileRef = A20000000000000000000010 /* StatusBarController.swift */; };
		A30000000000000000000020 /* Assets.xcassets in Resources */ = {isa = PBXBuildFile; fileRef = A20000000000000000000011 /* Assets.xcassets */; };
		A30000000000000000000021 /* en.json in Resources */ = {isa = PBXBuildFile; fileRef = A20000000000000000000012 /* en.json */; };
		A30000000000000000000022 /* ru.json in Resources */ = {isa = PBXBuildFile; fileRef = A20000000000000000000013 /* ru.json */; };
/* End PBXBuildFile section */

/* Begin PBXFileReference section */
		EAB3FA2C2F38CD9B0035BAD7 /* appsmute.app */ = {isa = PBXFileReference; explicitFileType = wrapper.application; includeInIndex = 0; path = appsmute.app; sourceTree = BUILT_PRODUCTS_DIR; };
		A20000000000000000000001 /* appsmuteApp.swift */ = {isa = PBXFileReference; lastKnownFileType = sourcecode.swift; path = appsmuteApp.swift; sourceTree = "<group>"; };
		A20000000000000000000002 /* AppDelegate.swift */ = {isa = PBXFileReference; lastKnownFileType = sourcecode.swift; path = AppDelegate.swift; sourceTree = "<group>"; };
		A20000000000000000000003 /* AppState.swift */ = {isa = PBXFileReference; lastKnownFileType = sourcecode.swift; path = AppState.swift; sourceTree = "<group>"; };
		A20000000000000000000004 /* ContentView.swift */ = {isa = PBXFileReference; lastKnownFileType = sourcecode.swift; path = ContentView.swift; sourceTree = "<group>"; };
		A20000000000000000000005 /* HotKeyManager.swift */ = {isa = PBXFileReference; lastKnownFileType = sourcecode.swift; path = HotKeyManager.swift; sourceTree = "<group>"; };
		A20000000000000000000006 /* LanguageManager.swift */ = {isa = PBXFileReference; lastKnownFileType = sourcecode.swift; path = LanguageManager.swift; sourceTree = "<group>"; };
		A20000000000000000000007 /* LanguagePrefs.swift */ = {isa = PBXFileReference; lastKnownFileType = sourcecode.swift; path = LanguagePrefs.swift; sourceTree = "<group>"; };
		A20000000000000000000008 /* Localization.swift */ = {isa = PBXFileReference; lastKnownFileType = sourcecode.swift; path = Localization.swift; sourceTree = "<group>"; };
		A20000000000000000000009 /* MainWindowController.swift */ = {isa = PBXFileReference; lastKnownFileType = sourcecode.swift; path = MainWindowController.swift; sourceTree = "<group>"; };
		A2000000000000000000000A /* ProcessTapMuteEngine.swift */ = {isa = PBXFileReference; lastKnownFileType = sourcecode.swift; path = ProcessTapMuteEngine.swift; sourceTree = "<group>"; };
		A2000000000000000000000B /* Shortcut.swift */ = {isa = PBXFileReference; lastKnownFileType = sourcecode.swift; path = Shortcut.swift; sourceTree = "<group>"; };
		A2000000000000000000000C /* ShortcutFormatting.swift */ = {isa = PBXFileReference; lastKnownFileType = sourcecode.swift; path = ShortcutFormatting.swift; sourceTree = "<group>"; };
		A2000000000000000000000D /* ShortcutRecorderWindowController.swift */ = {isa = PBXFileReference; lastKnownFileType = sourcecode.swift; path = ShortcutRecorderWindowController.swift; sourceTree = "<group>"; };
		A2000000000000000000000E /* ShortcutStore.swift */ = {isa = PBXFileReference; lastKnownFileType = sourcecode.swift; path = ShortcutStore.swift; sourceTree = "<group>"; };
		A2000000000000000000000F /* SoundMuteAssets.swift */ = {isa = PBXFileReference; lastKnownFileType = sourcecode.swift; path = SoundMuteAssets.swift; sourceTree = "<group>"; };
		A20000000000000000000010 /* StatusBarController.swift */ = {isa = PBXFileReference; lastKnownFileType = sourcecode.swift; path = StatusBarController.swift; sourceTree = "<group>"; };
		A20000000000000000000011 /* Assets.xcassets */ = {isa = PBXFileReference; lastKnownFileType = folder.assetcatalog; path = Assets.xcassets; sourceTree = "<group>"; };
		A20000000000000000000012 /* en.json */ = {isa = PBXFileReference; lastKnownFileType = text.json; path = en.json; sourceTree = "<group>"; };
		A20000000000000000000013 /* ru.json */ = {isa = PBXFileReference; lastKnownFileType = text.json; path = ru.json; sourceTree = "<group>"; };
/* End PBXFileReference section */

/* Begin PBXFrameworksBuildPhase section */
		EAB3FA292F38CD9B0035BAD7 /* Frameworks */ = {
			isa = PBXFrameworksBuildPhase;
			buildActionMask = 2147483647;
			files = (
			);
			runOnlyForDeploymentPostprocessing = 0;
		};
/* End PBXFrameworksBuildPhase section */

/* Begin PBXGroup section */
		EAB3FA232F38CD9B0035BAD7 = {
			isa = PBXGroup;
			children = (
				EAB3FA2D2F38CD9B0035BAD7 /* Products */,
				A10000000000000000000001 /* src */,
				A10000000000000000000002 /* assets */,
			);
			sourceTree = "<group>";
		};
		A10000000000000000000001 /* src */ = {
			isa = PBXGroup;
			children = (
				A20000000000000000000001 /* appsmuteApp.swift */,
				A20000000000000000000002 /* AppDelegate.swift */,
				A20000000000000000000003 /* AppState.swift */,
				A20000000000000000000004 /* ContentView.swift */,
				A20000000000000000000005 /* HotKeyManager.swift */,
				A20000000000000000000006 /* LanguageManager.swift */,
				A20000000000000000000007 /* LanguagePrefs.swift */,
				A20000000000000000000008 /* Localization.swift */,
				A20000000000000000000009 /* MainWindowController.swift */,
				A2000000000000000000000A /* ProcessTapMuteEngine.swift */,
				A2000000000000000000000B /* Shortcut.swift */,
				A2000000000000000000000C /* ShortcutFormatting.swift */,
				A2000000000000000000000D /* ShortcutRecorderWindowController.swift */,
				A2000000000000000000000E /* ShortcutStore.swift */,
				A2000000000000000000000F /* SoundMuteAssets.swift */,
				A20000000000000000000010 /* StatusBarController.swift */,
			);
			path = src;
			sourceTree = "<group>";
		};
		A10000000000000000000002 /* assets */ = {
			isa = PBXGroup;
			children = (
				A20000000000000000000011 /* Assets.xcassets */,
				A10000000000000000000003 /* langs */,
			);
			path = assets;
			sourceTree = "<group>";
		};
		A10000000000000000000003 /* langs */ = {
			isa = PBXGroup;
			children = (
				A20000000000000000000012 /* en.json */,
				A20000000000000000000013 /* ru.json */,
			);
			path = langs;
			sourceTree = "<group>";
		};
		EAB3FA2D2F38CD9B0035BAD7 /* Products */ = {
			isa = PBXGroup;
			children = (
				EAB3FA2C2F38CD9B0035BAD7 /* appsmute.app */,
			);
			name = Products;
			sourceTree = "<group>";
		};
/* End PBXGroup section */

/* Begin PBXNativeTarget section */
		EAB3FA2B2F38CD9B0035BAD7 /* appsmute */ = {
			isa = PBXNativeTarget;
			buildConfigurationList = EAB3FA372F38CD9C0035BAD7 /* Build configuration list for PBXNativeTarget "appsmute" */;
			buildPhases = (
				EAB3FA282F38CD9B0035BAD7 /* Sources */,
				EAB3FA292F38CD9B0035BAD7 /* Frameworks */,
				EAB3FA2A2F38CD9B0035BAD7 /* Resources */,
			);
			buildRules = (
			);
			dependencies = (
			);
			name = appsmute;
			packageProductDependencies = (
			);
			productName = appsmute;
			productReference = EAB3FA2C2F38CD9B0035BAD7 /* appsmute.app */;
			productType = "com.apple.product-type.application";
		};
/* End PBXNativeTarget section */

/* Begin PBXProject section */
		EAB3FA242F38CD9B0035BAD7 /* Project object */ = {
			isa = PBXProject;
			attributes = {
				BuildIndependentTargetsInParallel = 1;
				LastSwiftUpdateCheck = 2620;
				LastUpgradeCheck = 2620;
				TargetAttributes = {
					EAB3FA2B2F38CD9B0035BAD7 = {
						CreatedOnToolsVersion = 26.2;
					};
				};
			};
			buildConfigurationList = EAB3FA272F38CD9B0035BAD7 /* Build configuration list for PBXProject "appsmute" */;
			developmentRegion = en;
			hasScannedForEncodings = 0;
			knownRegions = (
				en,
				Base,
			);
			mainGroup = EAB3FA232F38CD9B0035BAD7;
			minimizedProjectReferenceProxies = 1;
			preferredProjectObjectVersion = 77;
			productRefGroup = EAB3FA2D2F38CD9B0035BAD7 /* Products */;
			projectDirPath = "";
			projectRoot = "";
			targets = (
				EAB3FA2B2F38CD9B0035BAD7 /* appsmute */,
			);
		};
/* End PBXProject section */

/* Begin PBXResourcesBuildPhase section */
		EAB3FA2A2F38CD9B0035BAD7 /* Resources */ = {
			isa = PBXResourcesBuildPhase;
			buildActionMask = 2147483647;
			files = (
				A30000000000000000000020 /* Assets.xcassets in Resources */,
				A30000000000000000000021 /* en.json in Resources */,
				A30000000000000000000022 /* ru.json in Resources */,
			);
			runOnlyForDeploymentPostprocessing = 0;
		};
/* End PBXResourcesBuildPhase section */

/* Begin PBXSourcesBuildPhase section */
		EAB3FA282F38CD9B0035BAD7 /* Sources */ = {
			isa = PBXSourcesBuildPhase;
			buildActionMask = 2147483647;
			files = (
				A30000000000000000000004 /* ContentView.swift in Sources */,
				A30000000000000000000002 /* AppDelegate.swift in Sources */,
				A30000000000000000000003 /* AppState.swift in Sources */,
				A30000000000000000000005 /* HotKeyManager.swift in Sources */,
				A30000000000000000000006 /* LanguageManager.swift in Sources */,
				A30000000000000000000007 /* LanguagePrefs.swift in Sources */,
				A30000000000000000000008 /* Localization.swift in Sources */,
				A30000000000000000000009 /* MainWindowController.swift in Sources */,
				A3000000000000000000000A /* ProcessTapMuteEngine.swift in Sources */,
				A3000000000000000000000B /* Shortcut.swift in Sources */,
				A3000000000000000000000C /* ShortcutFormatting.swift in Sources */,
				A3000000000000000000000D /* ShortcutRecorderWindowController.swift in Sources */,
				A3000000000000000000000E /* ShortcutStore.swift in Sources */,
				A3000000000000000000000F /* SoundMuteAssets.swift in Sources */,
				A30000000000000000000010 /* StatusBarController.swift in Sources */,
				A30000000000000000000001 /* appsmuteApp.swift in Sources */,
			);
			runOnlyForDeploymentPostprocessing = 0;
		};
/* End PBXSourcesBuildPhase section */

/* Begin XCBuildConfiguration section */
		EAB3FA352F38CD9C0035BAD7 /* Debug */ = {
			isa = XCBuildConfiguration;
			buildSettings = {
				ALWAYS_SEARCH_USER_PATHS = NO;
				ASSETCATALOG_COMPILER_GENERATE_SWIFT_ASSET_SYMBOL_EXTENSIONS = YES;
				CLANG_ANALYZER_NONNULL = YES;
				CLANG_ANALYZER_NUMBER_OBJECT_CONVERSION = YES_AGGRESSIVE;
				CLANG_CXX_LANGUAGE_STANDARD = "gnu++20";
				CLANG_ENABLE_MODULES = YES;
				CLANG_ENABLE_OBJC_ARC = YES;
				CLANG_ENABLE_OBJC_WEAK = YES;
				CLANG_WARN_BLOCK_CAPTURE_AUTORELEASING = YES;
				CLANG_WARN_BOOL_CONVERSION = YES;
				CLANG_WARN_COMMA = YES;
				CLANG_WARN_CONSTANT_CONVERSION = YES;
				CLANG_WARN_DEPRECATED_OBJC_IMPLEMENTATIONS = YES;
				CLANG_WARN_DIRECT_OBJC_ISA_USAGE = YES_ERROR;
				CLANG_WARN_DOCUMENTATION_COMMENTS = YES;
				CLANG_WARN_EMPTY_BODY = YES;
				CLANG_WARN_ENUM_CONVERSION = YES;
				CLANG_WARN_INFINITE_RECURSION = YES;
				CLANG_WARN_INT_CONVERSION = YES;
				CLANG_WARN_NON_LITERAL_NULL_CONVERSION = YES;
				CLANG_WARN_OBJC_IMPLICIT_RETAIN_SELF = YES;
				CLANG_WARN_OBJC_LITERAL_CONVERSION = YES;
				CLANG_WARN_OBJC_ROOT_CLASS = YES_ERROR;
				CLANG_WARN_QUOTED_INCLUDE_IN_FRAMEWORK_HEADER = YES;
				CLANG_WARN_RANGE_LOOP_ANALYSIS = YES;
				CLANG_WARN_STRICT_PROTOTYPES = YES;
				CLANG_WARN_SUSPICIOUS_MOVE = YES;
				CLANG_WARN_UNGUARDED_AVAILABILITY = YES_AGGRESSIVE;
				CLANG_WARN_UNREACHABLE_CODE = YES;
				CLANG_WARN__DUPLICATE_METHOD_MATCH = YES;
				COPY_PHASE_STRIP = NO;
				DEBUG_INFORMATION_FORMAT = dwarf;
				ENABLE_STRICT_OBJC_MSGSEND = YES;
				ENABLE_TESTABILITY = YES;
				ENABLE_USER_SCRIPT_SANDBOXING = YES;
				GCC_C_LANGUAGE_STANDARD = gnu17;
				GCC_DYNAMIC_NO_PIC = NO;
				GCC_NO_COMMON_BLOCKS = YES;
				GCC_OPTIMIZATION_LEVEL = 0;
				GCC_PREPROCESSOR_DEFINITIONS = (
					"DEBUG=1",
					"$(inherited)",
				);
				GCC_WARN_64_TO_32_BIT_CONVERSION = YES;
				GCC_WARN_ABOUT_RETURN_TYPE = YES_ERROR;
				GCC_WARN_UNDECLARED_SELECTOR = YES;
				GCC_WARN_UNINITIALIZED_AUTOS = YES_AGGRESSIVE;
				GCC_WARN_UNUSED_FUNCTION = YES;
				GCC_WARN_UNUSED_VARIABLE = YES;
				LOCALIZATION_PREFERS_STRING_CATALOGS = YES;
				MACOSX_DEPLOYMENT_TARGET = 14.2;
				MTL_ENABLE_DEBUG_INFO = INCLUDE_SOURCE;
				MTL_FAST_MATH = YES;
				ONLY_ACTIVE_ARCH = YES;
				SDKROOT = macosx;
				SWIFT_ACTIVE_COMPILATION_CONDITIONS = "DEBUG $(inherited)";
				SWIFT_OPTIMIZATION_LEVEL = "-Onone";
			};
			name = Debug;
		};
		EAB3FA362F38CD9C0035BAD7 /* Release */ = {
			isa = XCBuildConfiguration;
			buildSettings = {
				ALWAYS_SEARCH_USER_PATHS = NO;
				ASSETCATALOG_COMPILER_GENERATE_SWIFT_ASSET_SYMBOL_EXTENSIONS = YES;
				CLANG_ANALYZER_NONNULL = YES;
				CLANG_ANALYZER_NUMBER_OBJECT_CONVERSION = YES_AGGRESSIVE;
				CLANG_CXX_LANGUAGE_STANDARD = "gnu++20";
				CLANG_ENABLE_MODULES = YES;
				CLANG_ENABLE_OBJC_ARC = YES;
				CLANG_ENABLE_OBJC_WEAK = YES;
				CLANG_WARN_BLOCK_CAPTURE_AUTORELEASING = YES;
				CLANG_WARN_BOOL_CONVERSION = YES;
				CLANG_WARN_COMMA = YES;
				CLANG_WARN_CONSTANT_CONVERSION = YES;
				CLANG_WARN_DEPRECATED_OBJC_IMPLEMENTATIONS = YES;
				CLANG_WARN_DIRECT_OBJC_ISA_USAGE = YES_ERROR;
				CLANG_WARN_DOCUMENTATION_COMMENTS = YES;
				CLANG_WARN_EMPTY_BODY = YES;
				CLANG_WARN_ENUM_CONVERSION = YES;
				CLANG_WARN_INFINITE_RECURSION = YES;
				CLANG_WARN_INT_CONVERSION = YES;
				CLANG_WARN_NON_LITERAL_NULL_CONVERSION = YES;
				CLANG_WARN_OBJC_IMPLICIT_RETAIN_SELF = YES;
				CLANG_WARN_OBJC_LITERAL_CONVERSION = YES;
				CLANG_WARN_OBJC_ROOT_CLASS = YES_ERROR;
				CLANG_WARN_QUOTED_INCLUDE_IN_FRAMEWORK_HEADER = YES;
				CLANG_WARN_RANGE_LOOP_ANALYSIS = YES;
				CLANG_WARN_STRICT_PROTOTYPES = YES;
				CLANG_WARN_SUSPICIOUS_MOVE = YES;
				CLANG_WARN_UNGUARDED_AVAILABILITY = YES_AGGRESSIVE;
				CLANG_WARN_UNREACHABLE_CODE = YES;
				CLANG_WARN__DUPLICATE_METHOD_MATCH = YES;
				COPY_PHASE_STRIP = NO;
				DEBUG_INFORMATION_FORMAT = "dwarf-with-dsym";
				ENABLE_NS_ASSERTIONS = NO;
				ENABLE_STRICT_OBJC_MSGSEND = YES;
				ENABLE_USER_SCRIPT_SANDBOXING = YES;
				GCC_C_LANGUAGE_STANDARD = gnu17;
				GCC_NO_COMMON_BLOCKS = YES;
				GCC_WARN_64_TO_32_BIT_CONVERSION = YES;
				GCC_WARN_ABOUT_RETURN_TYPE = YES_ERROR;
				GCC_WARN_UNDECLARED_SELECTOR = YES;
				GCC_WARN_UNINITIALIZED_AUTOS = YES_AGGRESSIVE;
				GCC_WARN_UNUSED_FUNCTION = YES;
				GCC_WARN_UNUSED_VARIABLE = YES;
				LOCALIZATION_PREFERS_STRING_CATALOGS = YES;
				MACOSX_DEPLOYMENT_TARGET = 14.2;
				MTL_ENABLE_DEBUG_INFO = NO;
				MTL_FAST_MATH = YES;
				SDKROOT = macosx;
				SWIFT_COMPILATION_MODE = wholemodule;
			};
			name = Release;
		};
		EAB3FA382F38CD9C0035BAD7 /* Debug */ = {
			isa = XCBuildConfiguration;
			buildSettings = {
				ASSETCATALOG_COMPILER_APPICON_NAME = AppIcon;
				ASSETCATALOG_COMPILER_GLOBAL_ACCENT_COLOR_NAME = AccentColor;
				CODE_SIGN_STYLE = Automatic;
				COMBINE_HIDPI_IMAGES = YES;
				CURRENT_PROJECT_VERSION = 1;
				ENABLE_APP_SANDBOX = NO;
				ENABLE_PREVIEWS = YES;
				ENABLE_USER_SELECTED_FILES = NO;
				GENERATE_INFOPLIST_FILE = YES;
				INFOPLIST_KEY_LSUIElement = YES;
				INFOPLIST_KEY_NSAudioCaptureUsageDescription = "appsmute needs system audio access to mute only selected apps.";
				INFOPLIST_KEY_NSHumanReadableCopyright = "";
				LD_RUNPATH_SEARCH_PATHS = (
					"$(inherited)",
					"@executable_path/../Frameworks",
				);
				MARKETING_VERSION = 1.0;
				PRODUCT_BUNDLE_IDENTIFIER = snsxd.appsmute;
				PRODUCT_NAME = "$(TARGET_NAME)";
				REGISTER_APP_GROUPS = NO;
				STRING_CATALOG_GENERATE_SYMBOLS = YES;
				SWIFT_APPROACHABLE_CONCURRENCY = YES;
				SWIFT_DEFAULT_ACTOR_ISOLATION = MainActor;
				SWIFT_EMIT_LOC_STRINGS = YES;
				SWIFT_UPCOMING_FEATURE_MEMBER_IMPORT_VISIBILITY = YES;
				SWIFT_VERSION = 5.0;
			};
			name = Debug;
		};
		EAB3FA392F38CD9C0035BAD7 /* Release */ = {
			isa = XCBuildConfiguration;
			buildSettings = {
				ASSETCATALOG_COMPILER_APPICON_NAME = AppIcon;
				ASSETCATALOG_COMPILER_GLOBAL_ACCENT_COLOR_NAME = AccentColor;
				CODE_SIGN_STYLE = Automatic;
				COMBINE_HIDPI_IMAGES = YES;
				CURRENT_PROJECT_VERSION = 1;
				ENABLE_APP_SANDBOX = NO;
				ENABLE_PREVIEWS = YES;
				ENABLE_USER_SELECTED_FILES = NO;
				GENERATE_INFOPLIST_FILE = YES;
				INFOPLIST_KEY_LSUIElement = YES;
				INFOPLIST_KEY_NSAudioCaptureUsageDescription = "appsmute needs system audio access to mute only selected apps.";
				INFOPLIST_KEY_NSHumanReadableCopyright = "";
				LD_RUNPATH_SEARCH_PATHS = (
					"$(inherited)",
					"@executable_path/../Frameworks",
				);
				MARKETING_VERSION = 1.0;
				PRODUCT_BUNDLE_IDENTIFIER = snsxd.appsmute;
				PRODUCT_NAME = "$(TARGET_NAME)";
				REGISTER_APP_GROUPS = NO;
				STRING_CATALOG_GENERATE_SYMBOLS = YES;
				SWIFT_APPROACHABLE_CONCURRENCY = YES;
				SWIFT_DEFAULT_ACTOR_ISOLATION = MainActor;
				SWIFT_EMIT_LOC_STRINGS = YES;
				SWIFT_UPCOMING_FEATURE_MEMBER_IMPORT_VISIBILITY = YES;
				SWIFT_VERSION = 5.0;
			};
			name = Release;
		};
/* End XCBuildConfiguration section */

/* Begin XCConfigurationList section */
		EAB3FA272F38CD9B0035BAD7 /* Build configuration list for PBXProject "appsmute" */ = {
			isa = XCConfigurationList;
			buildConfigurations = (
				EAB3FA352F38CD9C0035BAD7 /* Debug */,
				EAB3FA362F38CD9C0035BAD7 /* Release */,
			);
			defaultConfigurationIsVisible = 0;
			defaultConfigurationName = Release;
		};
		EAB3FA372F38CD9C0035BAD7 /* Build configuration list for PBXNativeTarget "appsmute" */ = {
			isa = XCConfigurationList;
			buildConfigurations = (
				EAB3FA382F38CD9C0035BAD7 /* Debug */,
				EAB3FA392F38CD9C0035BAD7 /* Release */,
			);
			defaultConfigurationIsVisible = 0;
			defaultConfigurationName = Release;
		};
/* End XCConfigurationList section */
	};
	rootObject = EAB3FA242F38CD9B0035BAD7 /* Project object */;
}
